
Microsoft Visual Studio Solution File, Format Version 12.00
# Visual Studio Version 17
VisualStudioVersion = 17.0.31903.59
MinimumVisualStudioVersion = 10.0.40219.1
Project("{9A19103F-16F7-4668-BE54-9A1E7A4F7556}") = "CieloLio.NET", "CieloLio.NET\CieloLio.NET.csproj", "{A17D0C26-F1B5-496B-BF52-3A4C42002497}"
EndProject
Global
	GlobalSection(SolutionConfigurationPlatforms) = preSolution
		Debug|Any CPU = Debug|Any CPU
		Release|Any CPU = Release|Any CPU
	EndGlobalSection
	GlobalSection(ProjectConfigurationPlatforms) = postSolution
		{A17D0C26-F1B5-496B-BF52-3A4C42002497}.Debug|Any CPU.ActiveCfg = Debug|Any CPU
		{A17D0C26-F1B5-496B-BF52-3A4C42002497}.Debug|Any CPU.Build.0 = Debug|Any CPU
		{A17D0C26-F1B5-496B-BF52-3A4C42002497}.Release|Any CPU.ActiveCfg = Release|Any CPU
		{A17D0C26-F1B5-496B-BF52-3A4C42002497}.Release|Any CPU.Build.0 = Release|Any CPU
	EndGlobalSection
	GlobalSection(SolutionProperties) = preSolution
		HideSolutionNode = FALSE
	EndGlobalSection
	GlobalSection(ExtensibilityGlobals) = postSolution
		SolutionGuid = {F049E13A-EACC-4BD0-A013-6EB383C49B8B}
	EndGlobalSection
EndGlobal
